
Microsoft Visual Studio Solution File, Format Version 12.00
# Visual Studio Version 16
VisualStudioVersion = 16.0.30225.117
MinimumVisualStudioVersion = 10.0.40219.1
Project("{FAE04EC0-301F-11D3-BF4B-00C04F79EFBC}") = "Dockersampleconfig", "Dockersampleconfig.csproj", "{5FC2D56E-9B11-41E7-A36A-B1D03961473A}"
EndProject
Global
	GlobalSection(SolutionConfigurationPlatforms) = preSolution
		Debug|Any CPU = Debug|Any CPU
		Release|Any CPU = Release|Any CPU
	EndGlobalSection
	GlobalSection(ProjectConfigurationPlatforms) = postSolution
		{5FC2D56E-9B11-41E7-A36A-B1D03961473A}.Debug|Any CPU.ActiveCfg = Debug|Any CPU
		{5FC2D56E-9B11-41E7-A36A-B1D03961473A}.Debug|Any CPU.Build.0 = Debug|Any CPU
		{5FC2D56E-9B11-41E7-A36A-B1D03961473A}.Release|Any CPU.ActiveCfg = Release|Any CPU
		{5FC2D56E-9B11-41E7-A36A-B1D03961473A}.Release|Any CPU.Build.0 = Release|Any CPU
	EndGlobalSection
	GlobalSection(SolutionProperties) = preSolution
		HideSolutionNode = FALSE
	EndGlobalSection
	GlobalSection(ExtensibilityGlobals) = postSolution
		SolutionGuid = {4C36B749-6F42-4640-AD48-AB2D15E9148D}
	EndGlobalSection
EndGlobal
